
Microsoft Visual Studio Solution File, Format Version 12.00
# Visual Studio Version 17
VisualStudioVersion = 17.9.34607.119
MinimumVisualStudioVersion = 10.0.40219.1
Project("{FAE04EC0-301F-11D3-BF4B-00C04F79EFBC}") = "place2024", "place2024\place2024.csproj", "{5577CCC7-D073-4C5C-84B6-EB6AC54E6504}"
EndProject
Global
	GlobalSection(SolutionConfigurationPlatforms) = preSolution
		Debug|Any CPU = Debug|Any CPU
		Release|Any CPU = Release|Any CPU
	EndGlobalSection
	GlobalSection(ProjectConfigurationPlatforms) = postSolution
		{5577CCC7-D073-4C5C-84B6-EB6AC54E6504}.Debug|Any CPU.ActiveCfg = Debug|Any CPU
		{5577CCC7-D073-4C5C-84B6-EB6AC54E6504}.Debug|Any CPU.Build.0 = Debug|Any CPU
		{5577CCC7-D073-4C5C-84B6-EB6AC54E6504}.Release|Any CPU.ActiveCfg = Release|Any CPU
		{5577CCC7-D073-4C5C-84B6-EB6AC54E6504}.Release|Any CPU.Build.0 = Release|Any CPU
	EndGlobalSection
	GlobalSection(SolutionProperties) = preSolution
		HideSolutionNode = FALSE
	EndGlobalSection
	GlobalSection(ExtensibilityGlobals) = postSolution
		SolutionGuid = {D007D6EF-D98B-426B-B154-D20753F9FE78}
	EndGlobalSection
EndGlobal
